
Microsoft Visual Studio Solution File, Format Version 12.00
# Visual Studio 14
VisualStudioVersion = 14.0.23107.0
MinimumVisualStudioVersion = 10.0.40219.1
Project("{FAE04EC0-301F-11D3-BF4B-00C04F79EFBC}") = "Aspose.Pdf.TextInImageIssue", "Aspose.Pdf.TextInImageIssue\Aspose.Pdf.TextInImageIssue.csproj", "{ABA48A44-8D84-4F1B-BCD1-E74DA8A85B30}"
EndProject
Global
	GlobalSection(SolutionConfigurationPlatforms) = preSolution
		Debug|Any CPU = Debug|Any CPU
		Release|Any CPU = Release|Any CPU
	EndGlobalSection
	GlobalSection(ProjectConfigurationPlatforms) = postSolution
		{ABA48A44-8D84-4F1B-BCD1-E74DA8A85B30}.Debug|Any CPU.ActiveCfg = Debug|Any CPU
		{ABA48A44-8D84-4F1B-BCD1-E74DA8A85B30}.Debug|Any CPU.Build.0 = Debug|Any CPU
		{ABA48A44-8D84-4F1B-BCD1-E74DA8A85B30}.Release|Any CPU.ActiveCfg = Release|Any CPU
		{ABA48A44-8D84-4F1B-BCD1-E74DA8A85B30}.Release|Any CPU.Build.0 = Release|Any CPU
	EndGlobalSection
	GlobalSection(SolutionProperties) = preSolution
		HideSolutionNode = FALSE
	EndGlobalSection
EndGlobal
